
Microsoft Visual Studio Solution File, Format Version 12.00
# Visual Studio Version 17
VisualStudioVersion = 17.8.34330.188
MinimumVisualStudioVersion = 10.0.40219.1
Project("{FAE04EC0-301F-11D3-BF4B-00C04F79EFBC}") = "evenOdd", "evenOdd\evenOdd.csproj", "{BD29DEC9-6351-4C80-B4D9-AB50F7C24898}"
EndProject
Global
	GlobalSection(SolutionConfigurationPlatforms) = preSolution
		Debug|Any CPU = Debug|Any CPU
		Release|Any CPU = Release|Any CPU
	EndGlobalSection
	GlobalSection(ProjectConfigurationPlatforms) = postSolution
		{BD29DEC9-6351-4C80-B4D9-AB50F7C24898}.Debug|Any CPU.ActiveCfg = Debug|Any CPU
		{BD29DEC9-6351-4C80-B4D9-AB50F7C24898}.Debug|Any CPU.Build.0 = Debug|Any CPU
		{BD29DEC9-6351-4C80-B4D9-AB50F7C24898}.Release|Any CPU.ActiveCfg = Release|Any CPU
		{BD29DEC9-6351-4C80-B4D9-AB50F7C24898}.Release|Any CPU.Build.0 = Release|Any CPU
	EndGlobalSection
	GlobalSection(SolutionProperties) = preSolution
		HideSolutionNode = FALSE
	EndGlobalSection
	GlobalSection(ExtensibilityGlobals) = postSolution
		SolutionGuid = {015E810C-F347-4E68-A3D1-205C578DF55A}
	EndGlobalSection
EndGlobal
