
Microsoft Visual Studio Solution File, Format Version 12.00
# Visual Studio Version 17
VisualStudioVersion = 17.8.34330.188
MinimumVisualStudioVersion = 10.0.40219.1
Project("{FAE04EC0-301F-11D3-BF4B-00C04F79EFBC}") = "Excellent", "Excellent\Excellent.csproj", "{74E07761-61D9-4B69-A787-7D63E9F703EB}"
EndProject
Global
	GlobalSection(SolutionConfigurationPlatforms) = preSolution
		Debug|Any CPU = Debug|Any CPU
		Release|Any CPU = Release|Any CPU
	EndGlobalSection
	GlobalSection(ProjectConfigurationPlatforms) = postSolution
		{74E07761-61D9-4B69-A787-7D63E9F703EB}.Debug|Any CPU.ActiveCfg = Debug|Any CPU
		{74E07761-61D9-4B69-A787-7D63E9F703EB}.Debug|Any CPU.Build.0 = Debug|Any CPU
		{74E07761-61D9-4B69-A787-7D63E9F703EB}.Release|Any CPU.ActiveCfg = Release|Any CPU
		{74E07761-61D9-4B69-A787-7D63E9F703EB}.Release|Any CPU.Build.0 = Release|Any CPU
	EndGlobalSection
	GlobalSection(SolutionProperties) = preSolution
		HideSolutionNode = FALSE
	EndGlobalSection
	GlobalSection(ExtensibilityGlobals) = postSolution
		SolutionGuid = {D652136E-FC29-4DEF-B320-77FA4FFC8B9A}
	EndGlobalSection
EndGlobal
