
Microsoft Visual Studio Solution File, Format Version 12.00
# Visual Studio Version 17
VisualStudioVersion = 17.8.34330.188
MinimumVisualStudioVersion = 10.0.40219.1
Project("{FAE04EC0-301F-11D3-BF4B-00C04F79EFBC}") = "purva zadacha", "purva zadacha\purva zadacha.csproj", "{E108CDBA-2957-4C36-B87B-06767420CDFD}"
EndProject
Global
	GlobalSection(SolutionConfigurationPlatforms) = preSolution
		Debug|Any CPU = Debug|Any CPU
		Release|Any CPU = Release|Any CPU
	EndGlobalSection
	GlobalSection(ProjectConfigurationPlatforms) = postSolution
		{E108CDBA-2957-4C36-B87B-06767420CDFD}.Debug|Any CPU.ActiveCfg = Debug|Any CPU
		{E108CDBA-2957-4C36-B87B-06767420CDFD}.Debug|Any CPU.Build.0 = Debug|Any CPU
		{E108CDBA-2957-4C36-B87B-06767420CDFD}.Release|Any CPU.ActiveCfg = Release|Any CPU
		{E108CDBA-2957-4C36-B87B-06767420CDFD}.Release|Any CPU.Build.0 = Release|Any CPU
	EndGlobalSection
	GlobalSection(SolutionProperties) = preSolution
		HideSolutionNode = FALSE
	EndGlobalSection
	GlobalSection(ExtensibilityGlobals) = postSolution
		SolutionGuid = {6F80E058-6E9A-4D3E-B46E-D9A4CDA03494}
	EndGlobalSection
EndGlobal
