
Microsoft Visual Studio Solution File, Format Version 12.00
# Visual Studio Version 17
VisualStudioVersion = 17.8.34330.188
MinimumVisualStudioVersion = 10.0.40219.1
Project("{FAE04EC0-301F-11D3-BF4B-00C04F79EFBC}") = "Restourant", "Restourant\Restourant.csproj", "{C7901901-5178-45D4-9EAA-BF7B05721918}"
EndProject
Global
	GlobalSection(SolutionConfigurationPlatforms) = preSolution
		Debug|Any CPU = Debug|Any CPU
		Release|Any CPU = Release|Any CPU
	EndGlobalSection
	GlobalSection(ProjectConfigurationPlatforms) = postSolution
		{C7901901-5178-45D4-9EAA-BF7B05721918}.Debug|Any CPU.ActiveCfg = Debug|Any CPU
		{C7901901-5178-45D4-9EAA-BF7B05721918}.Debug|Any CPU.Build.0 = Debug|Any CPU
		{C7901901-5178-45D4-9EAA-BF7B05721918}.Release|Any CPU.ActiveCfg = Release|Any CPU
		{C7901901-5178-45D4-9EAA-BF7B05721918}.Release|Any CPU.Build.0 = Release|Any CPU
	EndGlobalSection
	GlobalSection(SolutionProperties) = preSolution
		HideSolutionNode = FALSE
	EndGlobalSection
	GlobalSection(ExtensibilityGlobals) = postSolution
		SolutionGuid = {602A2D40-D225-42CE-A851-CA25481DDCD6}
	EndGlobalSection
EndGlobal
